
Microsoft Visual Studio Solution File, Format Version 12.00
# Visual Studio Version 17
VisualStudioVersion = 17.14.36212.18
MinimumVisualStudioVersion = 10.0.40219.1
Project("{FAE04EC0-301F-11D3-BF4B-00C04F79EFBC}") = "MediaToolkit.Core", "MediaToolkit.Core\MediaToolkit.Core.csproj", "{B32825A3-9419-438D-942A-5053C1B5379E}"
EndProject
Project("{2150E333-8FDC-42A3-9474-1A3956D46DE8}") = "samples", "samples", "{02EA681E-C7D8-13C7-8484-4AC65E1B71E8}"
EndProject
Project("{FAE04EC0-301F-11D3-BF4B-00C04F79EFBC}") = "MediaToolkit.Adapters.FFmpeg", "MediaToolkit.Adapters.FFmpeg\MediaToolkit.Adapters.FFmpeg.csproj", "{0003DA97-DFEF-4C0E-87CD-E84E83C9DC1B}"
EndProject
Project("{FAE04EC0-301F-11D3-BF4B-00C04F79EFBC}") = "MediaToolkit.Core.Tests", "MediaToolkit.Core.Tests\MediaToolkit.Core.Tests.csproj", "{9B691CB6-3101-4CD4-9920-6448B2B9127F}"
EndProject
Project("{FAE04EC0-301F-11D3-BF4B-00C04F79EFBC}") = "MediaToolkit.Demos", "MediaToolkit.Demos\MediaToolkit.Demos.csproj", "{5A0CEB2C-97C3-4CE1-956F-88C667FDDA71}"
EndProject
Global
	GlobalSection(SolutionConfigurationPlatforms) = preSolution
		Debug|Any CPU = Debug|Any CPU
		Release|Any CPU = Release|Any CPU
	EndGlobalSection
	GlobalSection(ProjectConfigurationPlatforms) = postSolution
		{B32825A3-9419-438D-942A-5053C1B5379E}.Debug|Any CPU.ActiveCfg = Debug|Any CPU
		{B32825A3-9419-438D-942A-5053C1B5379E}.Debug|Any CPU.Build.0 = Debug|Any CPU
		{B32825A3-9419-438D-942A-5053C1B5379E}.Release|Any CPU.ActiveCfg = Release|Any CPU
		{B32825A3-9419-438D-942A-5053C1B5379E}.Release|Any CPU.Build.0 = Release|Any CPU
		{0003DA97-DFEF-4C0E-87CD-E84E83C9DC1B}.Debug|Any CPU.ActiveCfg = Debug|Any CPU
		{0003DA97-DFEF-4C0E-87CD-E84E83C9DC1B}.Debug|Any CPU.Build.0 = Debug|Any CPU
		{0003DA97-DFEF-4C0E-87CD-E84E83C9DC1B}.Release|Any CPU.ActiveCfg = Release|Any CPU
		{0003DA97-DFEF-4C0E-87CD-E84E83C9DC1B}.Release|Any CPU.Build.0 = Release|Any CPU
		{9B691CB6-3101-4CD4-9920-6448B2B9127F}.Debug|Any CPU.ActiveCfg = Debug|Any CPU
		{9B691CB6-3101-4CD4-9920-6448B2B9127F}.Debug|Any CPU.Build.0 = Debug|Any CPU
		{9B691CB6-3101-4CD4-9920-6448B2B9127F}.Release|Any CPU.ActiveCfg = Release|Any CPU
		{9B691CB6-3101-4CD4-9920-6448B2B9127F}.Release|Any CPU.Build.0 = Release|Any CPU
		{5A0CEB2C-97C3-4CE1-956F-88C667FDDA71}.Debug|Any CPU.ActiveCfg = Debug|Any CPU
		{5A0CEB2C-97C3-4CE1-956F-88C667FDDA71}.Debug|Any CPU.Build.0 = Debug|Any CPU
		{5A0CEB2C-97C3-4CE1-956F-88C667FDDA71}.Release|Any CPU.ActiveCfg = Release|Any CPU
		{5A0CEB2C-97C3-4CE1-956F-88C667FDDA71}.Release|Any CPU.Build.0 = Release|Any CPU
	EndGlobalSection
	GlobalSection(SolutionProperties) = preSolution
		HideSolutionNode = FALSE
	EndGlobalSection
	GlobalSection(NestedProjects) = preSolution
		{5A0CEB2C-97C3-4CE1-956F-88C667FDDA71} = {02EA681E-C7D8-13C7-8484-4AC65E1B71E8}
	EndGlobalSection
	GlobalSection(ExtensibilityGlobals) = postSolution
		SolutionGuid = {315469B7-8714-4571-9AE4-6070A7C68E0C}
	EndGlobalSection
EndGlobal
